
Microsoft Visual Studio Solution File, Format Version 12.00
# Visual Studio 15
VisualStudioVersion = 15.0.27703.2042
MinimumVisualStudioVersion = 10.0.40219.1
Project("{FAE04EC0-301F-11D3-BF4B-00C04F79EFBC}") = "Serialization", "Serialization\Serialization.csproj", "{BBF4B246-51C8-4F40-AB99-B2A09905647D}"
EndProject
Global
	GlobalSection(SolutionConfigurationPlatforms) = preSolution
		Debug|Any CPU = Debug|Any CPU
		Release|Any CPU = Release|Any CPU
	EndGlobalSection
	GlobalSection(ProjectConfigurationPlatforms) = postSolution
		{BBF4B246-51C8-4F40-AB99-B2A09905647D}.Debug|Any CPU.ActiveCfg = Debug|Any CPU
		{BBF4B246-51C8-4F40-AB99-B2A09905647D}.Debug|Any CPU.Build.0 = Debug|Any CPU
		{BBF4B246-51C8-4F40-AB99-B2A09905647D}.Release|Any CPU.ActiveCfg = Release|Any CPU
		{BBF4B246-51C8-4F40-AB99-B2A09905647D}.Release|Any CPU.Build.0 = Release|Any CPU
	EndGlobalSection
	GlobalSection(SolutionProperties) = preSolution
		HideSolutionNode = FALSE
	EndGlobalSection
	GlobalSection(ExtensibilityGlobals) = postSolution
		SolutionGuid = {1A8084E6-74E3-4A98-AC2F-B4D6BF1F6614}
	EndGlobalSection
EndGlobal
